
Microsoft Visual Studio Solution File, Format Version 12.00
# Visual Studio Version 17
VisualStudioVersion = 17.13.35806.99 d17.13
MinimumVisualStudioVersion = 10.0.40219.1
Project("{FAE04EC0-301F-11D3-BF4B-00C04F79EFBC}") = "TLoginPrj", "TLoginPrj.csproj", "{B79DE08F-28B3-4BBB-B01C-2F1D88F720D9}"
EndProject
Global
	GlobalSection(SolutionConfigurationPlatforms) = preSolution
		Debug|Any CPU = Debug|Any CPU
		Release|Any CPU = Release|Any CPU
	EndGlobalSection
	GlobalSection(ProjectConfigurationPlatforms) = postSolution
		{B79DE08F-28B3-4BBB-B01C-2F1D88F720D9}.Debug|Any CPU.ActiveCfg = Debug|Any CPU
		{B79DE08F-28B3-4BBB-B01C-2F1D88F720D9}.Debug|Any CPU.Build.0 = Debug|Any CPU
		{B79DE08F-28B3-4BBB-B01C-2F1D88F720D9}.Release|Any CPU.ActiveCfg = Release|Any CPU
		{B79DE08F-28B3-4BBB-B01C-2F1D88F720D9}.Release|Any CPU.Build.0 = Release|Any CPU
	EndGlobalSection
	GlobalSection(SolutionProperties) = preSolution
		HideSolutionNode = FALSE
	EndGlobalSection
	GlobalSection(ExtensibilityGlobals) = postSolution
		SolutionGuid = {2D93EDD3-4EC4-4B97-BAFC-F69969CF249F}
	EndGlobalSection
EndGlobal
